// !$*UTF8*$!
{
	archiveVersion = 1;
	classes = {
	};
	objectVersion = 50;
	objects = {

/* Begin PBXBuildFile section */
		0749B3E325559A5800688999 /* AppDelegate.swift in Sources */ = {isa = PBXBuildFile; fileRef = 0749B3E225559A5800688999 /* AppDelegate.swift */; };
		0749B3E525559A5800688999 /* SceneDelegate.swift in Sources */ = {isa = PBXBuildFile; fileRef = 0749B3E425559A5800688999 /* SceneDelegate.swift */; };
		0749B3E725559A5800688999 /* ViewController.swift in Sources */ = {isa = PBXBuildFile; fileRef = 0749B3E625559A5800688999 /* ViewController.swift */; };
		0749B3EA25559A5800688999 /* Main.storyboard in Resources */ = {isa = PBXBuildFile; fileRef = 0749B3E825559A5800688999 /* Main.storyboard */; };
		0749B3EC25559A5B00688999 /* Assets.xcassets in Resources */ = {isa = PBXBuildFile; fileRef = 0749B3EB25559A5B00688999 /* Assets.xcassets */; };
		0749B3EF25559A5B00688999 /* LaunchScreen.storyboard in Resources */ = {isa = PBXBuildFile; fileRef = 0749B3ED25559A5B00688999 /* LaunchScreen.storyboard */; };
		0749B3F925559A7600688999 /* Post.swift in Sources */ = {isa = PBXBuildFile; fileRef = 0749B3F825559A7600688999 /* Post.swift */; };
		0749B3FD25559B5D00688999 /* PostProducer.swift in Sources */ = {isa = PBXBuildFile; fileRef = 0749B3FC25559B5D00688999 /* PostProducer.swift */; };
		075E672B25569CB50074A09A /* CustomPostCell.xib in Resources */ = {isa = PBXBuildFile; fileRef = 075E672A25569CB50074A09A /* CustomPostCell.xib */; };
		075E6731255825AE0074A09A /* EditPostViewController.swift in Sources */ = {isa = PBXBuildFile; fileRef = 075E6730255825AE0074A09A /* EditPostViewController.swift */; };
		0763576B2555A639007034B6 /* FullPostViewController.swift in Sources */ = {isa = PBXBuildFile; fileRef = 0763576A2555A639007034B6 /* FullPostViewController.swift */; };
		0763576E2555A735007034B6 /* CustomContentForPostCell.xib in Resources */ = {isa = PBXBuildFile; fileRef = 0763576D2555A735007034B6 /* CustomContentForPostCell.xib */; };
		076357712555AA2A007034B6 /* CustomPostCell.swift in Sources */ = {isa = PBXBuildFile; fileRef = 076357702555AA2A007034B6 /* CustomPostCell.swift */; };
/* End PBXBuildFile section */

/* Begin PBXFileReference section */
		0749B3DF25559A5800688999 /* Homework3.app */ = {isa = PBXFileReference; explicitFileType = wrapper.application; includeInIndex = 0; path = Homework3.app; sourceTree = BUILT_PRODUCTS_DIR; };
		0749B3E225559A5800688999 /* AppDelegate.swift */ = {isa = PBXFileReference; lastKnownFileType = sourcecode.swift; path = AppDelegate.swift; sourceTree = "<group>"; };
		0749B3E425559A5800688999 /* SceneDelegate.swift */ = {isa = PBXFileReference; lastKnownFileType = sourcecode.swift; path = SceneDelegate.swift; sourceTree = "<group>"; };
		0749B3E625559A5800688999 /* ViewController.swift */ = {isa = PBXFileReference; lastKnownFileType = sourcecode.swift; path = ViewController.swift; sourceTree = "<group>"; };
		0749B3E925559A5800688999 /* Base */ = {isa = PBXFileReference; lastKnownFileType = file.storyboard; name = Base; path = Base.lproj/Main.storyboard; sourceTree = "<group>"; };
		0749B3EB25559A5B00688999 /* Assets.xcassets */ = {isa = PBXFileReference; lastKnownFileType = folder.assetcatalog; path = Assets.xcassets; sourceTree = "<group>"; };
		0749B3EE25559A5B00688999 /* Base */ = {isa = PBXFileReference; lastKnownFileType = file.storyboard; name = Base; path = Base.lproj/LaunchScreen.storyboard; sourceTree = "<group>"; };
		0749B3F025559A5B00688999 /* Info.plist */ = {isa = PBXFileReference; lastKnownFileType = text.plist.xml; path = Info.plist; sourceTree = "<group>"; };
		0749B3F825559A7600688999 /* Post.swift */ = {isa = PBXFileReference; lastKnownFileType = sourcecode.swift; path = Post.swift; sourceTree = "<group>"; };
		0749B3FC25559B5D00688999 /* PostProducer.swift */ = {isa = PBXFileReference; lastKnownFileType = sourcecode.swift; path = PostProducer.swift; sourceTree = "<group>"; };
		075E672A25569CB50074A09A /* CustomPostCell.xib */ = {isa = PBXFileReference; lastKnownFileType = file.xib; path = CustomPostCell.xib; sourceTree = "<group>"; };
		075E6730255825AE0074A09A /* EditPostViewController.swift */ = {isa = PBXFileReference; lastKnownFileType = sourcecode.swift; path = EditPostViewController.swift; sourceTree = "<group>"; };
		0763576A2555A639007034B6 /* FullPostViewController.swift */ = {isa = PBXFileReference; lastKnownFileType = sourcecode.swift; path = FullPostViewController.swift; sourceTree = "<group>"; };
		0763576D2555A735007034B6 /* CustomContentForPostCell.xib */ = {isa = PBXFileReference; lastKnownFileType = file.xib; path = CustomContentForPostCell.xib; sourceTree = "<group>"; };
		076357702555AA2A007034B6 /* CustomPostCell.swift */ = {isa = PBXFileReference; lastKnownFileType = sourcecode.swift; path = CustomPostCell.swift; sourceTree = "<group>"; };
/* End PBXFileReference section */

/* Begin PBXFrameworksBuildPhase section */
		0749B3DC25559A5800688999 /* Frameworks */ = {
			isa = PBXFrameworksBuildPhase;
			buildActionMask = 2147483647;
			files = (
			);
			runOnlyForDeploymentPostprocessing = 0;
		};
/* End PBXFrameworksBuildPhase section */

/* Begin PBXGroup section */
		0749B3D625559A5800688999 = {
			isa = PBXGroup;
			children = (
				0749B3E125559A5800688999 /* Homework3 */,
				0749B3E025559A5800688999 /* Products */,
			);
			sourceTree = "<group>";
		};
		0749B3E025559A5800688999 /* Products */ = {
			isa = PBXGroup;
			children = (
				0749B3DF25559A5800688999 /* Homework3.app */,
			);
			name = Products;
			sourceTree = "<group>";
		};
		0749B3E125559A5800688999 /* Homework3 */ = {
			isa = PBXGroup;
			children = (
				076357682555A5B1007034B6 /* ViewControllers */,
				076357692555A5BD007034B6 /* TableViewCells */,
				0749B3F725559A6100688999 /* Model */,
				076357732555B39D007034B6 /* Storyboard */,
				0749B3E225559A5800688999 /* AppDelegate.swift */,
				0749B3E425559A5800688999 /* SceneDelegate.swift */,
				0749B3EB25559A5B00688999 /* Assets.xcassets */,
				0749B3ED25559A5B00688999 /* LaunchScreen.storyboard */,
				0749B3F025559A5B00688999 /* Info.plist */,
			);
			path = Homework3;
			sourceTree = "<group>";
		};
		0749B3F725559A6100688999 /* Model */ = {
			isa = PBXGroup;
			children = (
				0749B3F825559A7600688999 /* Post.swift */,
				0749B3FC25559B5D00688999 /* PostProducer.swift */,
			);
			path = Model;
			sourceTree = "<group>";
		};
		076357682555A5B1007034B6 /* ViewControllers */ = {
			isa = PBXGroup;
			children = (
				0749B3E625559A5800688999 /* ViewController.swift */,
				0763576A2555A639007034B6 /* FullPostViewController.swift */,
				075E6730255825AE0074A09A /* EditPostViewController.swift */,
			);
			path = ViewControllers;
			sourceTree = "<group>";
		};
		076357692555A5BD007034B6 /* TableViewCells */ = {
			isa = PBXGroup;
			children = (
				0763576D2555A735007034B6 /* CustomContentForPostCell.xib */,
				076357702555AA2A007034B6 /* CustomPostCell.swift */,
				075E672A25569CB50074A09A /* CustomPostCell.xib */,
			);
			path = TableViewCells;
			sourceTree = "<group>";
		};
		076357732555B39D007034B6 /* Storyboard */ = {
			isa = PBXGroup;
			children = (
				0749B3E825559A5800688999 /* Main.storyboard */,
			);
			path = Storyboard;
			sourceTree = "<group>";
		};
/* End PBXGroup section */

/* Begin PBXNativeTarget section */
		0749B3DE25559A5800688999 /* Homework3 */ = {
			isa = PBXNativeTarget;
			buildConfigurationList = 0749B3F325559A5B00688999 /* Build configuration list for PBXNativeTarget "Homework3" */;
			buildPhases = (
				0749B3DB25559A5800688999 /* Sources */,
				0749B3DC25559A5800688999 /* Frameworks */,
				0749B3DD25559A5800688999 /* Resources */,
			);
			buildRules = (
			);
			dependencies = (
			);
			name = Homework3;
			productName = Homework3;
			productReference = 0749B3DF25559A5800688999 /* Homework3.app */;
			productType = "com.apple.product-type.application";
		};
/* End PBXNativeTarget section */

/* Begin PBXProject section */
		0749B3D725559A5800688999 /* Project object */ = {
			isa = PBXProject;
			attributes = {
				LastSwiftUpdateCheck = 1200;
				LastUpgradeCheck = 1200;
				TargetAttributes = {
					0749B3DE25559A5800688999 = {
						CreatedOnToolsVersion = 12.0.1;
					};
				};
			};
			buildConfigurationList = 0749B3DA25559A5800688999 /* Build configuration list for PBXProject "Homework3" */;
			compatibilityVersion = "Xcode 9.3";
			developmentRegion = en;
			hasScannedForEncodings = 0;
			knownRegions = (
				en,
				Base,
			);
			mainGroup = 0749B3D625559A5800688999;
			productRefGroup = 0749B3E025559A5800688999 /* Products */;
			projectDirPath = "";
			projectRoot = "";
			targets = (
				0749B3DE25559A5800688999 /* Homework3 */,
			);
		};
/* End PBXProject section */

/* Begin PBXResourcesBuildPhase section */
		0749B3DD25559A5800688999 /* Resources */ = {
			isa = PBXResourcesBuildPhase;
			buildActionMask = 2147483647;
			files = (
				0763576E2555A735007034B6 /* CustomContentForPostCell.xib in Resources */,
				0749B3EF25559A5B00688999 /* LaunchScreen.storyboard in Resources */,
				0749B3EC25559A5B00688999 /* Assets.xcassets in Resources */,
				075E672B25569CB50074A09A /* CustomPostCell.xib in Resources */,
				0749B3EA25559A5800688999 /* Main.storyboard in Resources */,
			);
			runOnlyForDeploymentPostprocessing = 0;
		};
/* End PBXResourcesBuildPhase section */

/* Begin PBXSourcesBuildPhase section */
		0749B3DB25559A5800688999 /* Sources */ = {
			isa = PBXSourcesBuildPhase;
			buildActionMask = 2147483647;
			files = (
				0749B3E725559A5800688999 /* ViewController.swift in Sources */,
				0749B3FD25559B5D00688999 /* PostProducer.swift in Sources */,
				075E6731255825AE0074A09A /* EditPostViewController.swift in Sources */,
				0749B3E325559A5800688999 /* AppDelegate.swift in Sources */,
				0749B3E525559A5800688999 /* SceneDelegate.swift in Sources */,
				0763576B2555A639007034B6 /* FullPostViewController.swift in Sources */,
				0749B3F925559A7600688999 /* Post.swift in Sources */,
				076357712555AA2A007034B6 /* CustomPostCell.swift in Sources */,
			);
			runOnlyForDeploymentPostprocessing = 0;
		};
/* End PBXSourcesBuildPhase section */

/* Begin PBXVariantGroup section */
		0749B3E825559A5800688999 /* Main.storyboard */ = {
			isa = PBXVariantGroup;
			children = (
				0749B3E925559A5800688999 /* Base */,
			);
			name = Main.storyboard;
			sourceTree = "<group>";
		};
		0749B3ED25559A5B00688999 /* LaunchScreen.storyboard */ = {
			isa = PBXVariantGroup;
			children = (
				0749B3EE25559A5B00688999 /* Base */,
			);
			name = LaunchScreen.storyboard;
			sourceTree = "<group>";
		};
/* End PBXVariantGroup section */

/* Begin XCBuildConfiguration section */
		0749B3F125559A5B00688999 /* Debug */ = {
			isa = XCBuildConfiguration;
			buildSettings = {
				ALWAYS_SEARCH_USER_PATHS = NO;
				CLANG_ANALYZER_NONNULL = YES;
				CLANG_ANALYZER_NUMBER_OBJECT_CONVERSION = YES_AGGRESSIVE;
				CLANG_CXX_LANGUAGE_STANDARD = "gnu++14";
				CLANG_CXX_LIBRARY = "libc++";
				CLANG_ENABLE_MODULES = YES;
				CLANG_ENABLE_OBJC_ARC = YES;
				CLANG_ENABLE_OBJC_WEAK = YES;
				CLANG_WARN_BLOCK_CAPTURE_AUTORELEASING = YES;
				CLANG_WARN_BOOL_CONVERSION = YES;
				CLANG_WARN_COMMA = YES;
				CLANG_WARN_CONSTANT_CONVERSION = YES;
				CLANG_WARN_DEPRECATED_OBJC_IMPLEMENTATIONS = YES;
				CLANG_WARN_DIRECT_OBJC_ISA_USAGE = YES_ERROR;
				CLANG_WARN_DOCUMENTATION_COMMENTS = YES;
				CLANG_WARN_EMPTY_BODY = YES;
				CLANG_WARN_ENUM_CONVERSION = YES;
				CLANG_WARN_INFINITE_RECURSION = YES;
				CLANG_WARN_INT_CONVERSION = YES;
				CLANG_WARN_NON_LITERAL_NULL_CONVERSION = YES;
				CLANG_WARN_OBJC_IMPLICIT_RETAIN_SELF = YES;
				CLANG_WARN_OBJC_LITERAL_CONVERSION = YES;
				CLANG_WARN_OBJC_ROOT_CLASS = YES_ERROR;
				CLANG_WARN_QUOTED_INCLUDE_IN_FRAMEWORK_HEADER = YES;
				CLANG_WARN_RANGE_LOOP_ANALYSIS = YES;
				CLANG_WARN_STRICT_PROTOTYPES = YES;
				CLANG_WARN_SUSPICIOUS_MOVE = YES;
				CLANG_WARN_UNGUARDED_AVAILABILITY = YES_AGGRESSIVE;
				CLANG_WARN_UNREACHABLE_CODE = YES;
				CLANG_WARN__DUPLICATE_METHOD_MATCH = YES;
				COPY_PHASE_STRIP = NO;
				DEBUG_INFORMATION_FORMAT = dwarf;
				ENABLE_STRICT_OBJC_MSGSEND = YES;
				ENABLE_TESTABILITY = YES;
				GCC_C_LANGUAGE_STANDARD = gnu11;
				GCC_DYNAMIC_NO_PIC = NO;
				GCC_NO_COMMON_BLOCKS = YES;
				GCC_OPTIMIZATION_LEVEL = 0;
				GCC_PREPROCESSOR_DEFINITIONS = (
					"DEBUG=1",
					"$(inherited)",
				);
				GCC_WARN_64_TO_32_BIT_CONVERSION = YES;
				GCC_WARN_ABOUT_RETURN_TYPE = YES_ERROR;
				GCC_WARN_UNDECLARED_SELECTOR = YES;
				GCC_WARN_UNINITIALIZED_AUTOS = YES_AGGRESSIVE;
				GCC_WARN_UNUSED_FUNCTION = YES;
				GCC_WARN_UNUSED_VARIABLE = YES;
				IPHONEOS_DEPLOYMENT_TARGET = 14.0;
				MTL_ENABLE_DEBUG_INFO = INCLUDE_SOURCE;
				MTL_FAST_MATH = YES;
				ONLY_ACTIVE_ARCH = YES;
				SDKROOT = iphoneos;
				SWIFT_ACTIVE_COMPILATION_CONDITIONS = DEBUG;
				SWIFT_OPTIMIZATION_LEVEL = "-Onone";
			};
			name = Debug;
		};
		0749B3F225559A5B00688999 /* Release */ = {
			isa = XCBuildConfiguration;
			buildSettings = {
				ALWAYS_SEARCH_USER_PATHS = NO;
				CLANG_ANALYZER_NONNULL = YES;
				CLANG_ANALYZER_NUMBER_OBJECT_CONVERSION = YES_AGGRESSIVE;
				CLANG_CXX_LANGUAGE_STANDARD = "gnu++14";
				CLANG_CXX_LIBRARY = "libc++";
				CLANG_ENABLE_MODULES = YES;
				CLANG_ENABLE_OBJC_ARC = YES;
				CLANG_ENABLE_OBJC_WEAK = YES;
				CLANG_WARN_BLOCK_CAPTURE_AUTORELEASING = YES;
				CLANG_WARN_BOOL_CONVERSION = YES;
				CLANG_WARN_COMMA = YES;
				CLANG_WARN_CONSTANT_CONVERSION = YES;
				CLANG_WARN_DEPRECATED_OBJC_IMPLEMENTATIONS = YES;
				CLANG_WARN_DIRECT_OBJC_ISA_USAGE = YES_ERROR;
				CLANG_WARN_DOCUMENTATION_COMMENTS = YES;
				CLANG_WARN_EMPTY_BODY = YES;
				CLANG_WARN_ENUM_CONVERSION = YES;
				CLANG_WARN_INFINITE_RECURSION = YES;
				CLANG_WARN_INT_CONVERSION = YES;
				CLANG_WARN_NON_LITERAL_NULL_CONVERSION = YES;
				CLANG_WARN_OBJC_IMPLICIT_RETAIN_SELF = YES;
				CLANG_WARN_OBJC_LITERAL_CONVERSION = YES;
				CLANG_WARN_OBJC_ROOT_CLASS = YES_ERROR;
				CLANG_WARN_QUOTED_INCLUDE_IN_FRAMEWORK_HEADER = YES;
				CLANG_WARN_RANGE_LOOP_ANALYSIS = YES;
				CLANG_WARN_STRICT_PROTOTYPES = YES;
				CLANG_WARN_SUSPICIOUS_MOVE = YES;
				CLANG_WARN_UNGUARDED_AVAILABILITY = YES_AGGRESSIVE;
				CLANG_WARN_UNREACHABLE_CODE = YES;
				CLANG_WARN__DUPLICATE_METHOD_MATCH = YES;
				COPY_PHASE_STRIP = NO;
				DEBUG_INFORMATION_FORMAT = "dwarf-with-dsym";
				ENABLE_NS_ASSERTIONS = NO;
				ENABLE_STRICT_OBJC_MSGSEND = YES;
				GCC_C_LANGUAGE_STANDARD = gnu11;
				GCC_NO_COMMON_BLOCKS = YES;
				GCC_WARN_64_TO_32_BIT_CONVERSION = YES;
				GCC_WARN_ABOUT_RETURN_TYPE = YES_ERROR;
				GCC_WARN_UNDECLARED_SELECTOR = YES;
				GCC_WARN_UNINITIALIZED_AUTOS = YES_AGGRESSIVE;
				GCC_WARN_UNUSED_FUNCTION = YES;
				GCC_WARN_UNUSED_VARIABLE = YES;
				IPHONEOS_DEPLOYMENT_TARGET = 14.0;
				MTL_ENABLE_DEBUG_INFO = NO;
				MTL_FAST_MATH = YES;
				SDKROOT = iphoneos;
				SWIFT_COMPILATION_MODE = wholemodule;
				SWIFT_OPTIMIZATION_LEVEL = "-O";
				VALIDATE_PRODUCT = YES;
			};
			name = Release;
		};
		0749B3F425559A5B00688999 /* Debug */ = {
			isa = XCBuildConfiguration;
			buildSettings = {
				ASSETCATALOG_COMPILER_APPICON_NAME = AppIcon;
				ASSETCATALOG_COMPILER_GLOBAL_ACCENT_COLOR_NAME = AccentColor;
				CODE_SIGN_STYLE = Automatic;
				INFOPLIST_FILE = Homework3/Info.plist;
				LD_RUNPATH_SEARCH_PATHS = (
					"$(inherited)",
					"@executable_path/Frameworks",
				);
				PRODUCT_BUNDLE_IDENTIFIER = ru.alekseev.ios.Homework3;
				PRODUCT_NAME = "$(TARGET_NAME)";
				SWIFT_VERSION = 5.0;
				TARGETED_DEVICE_FAMILY = "1,2";
			};
			name = Debug;
		};
		0749B3F525559A5B00688999 /* Release */ = {
			isa = XCBuildConfiguration;
			buildSettings = {
				ASSETCATALOG_COMPILER_APPICON_NAME = AppIcon;
				ASSETCATALOG_COMPILER_GLOBAL_ACCENT_COLOR_NAME = AccentColor;
				CODE_SIGN_STYLE = Automatic;
				INFOPLIST_FILE = Homework3/Info.plist;
				LD_RUNPATH_SEARCH_PATHS = (
					"$(inherited)",
					"@executable_path/Frameworks",
				);
				PRODUCT_BUNDLE_IDENTIFIER = ru.alekseev.ios.Homework3;
				PRODUCT_NAME = "$(TARGET_NAME)";
				SWIFT_VERSION = 5.0;
				TARGETED_DEVICE_FAMILY = "1,2";
			};
			name = Release;
		};
/* End XCBuildConfiguration section */

/* Begin XCConfigurationList section */
		0749B3DA25559A5800688999 /* Build configuration list for PBXProject "Homework3" */ = {
			isa = XCConfigurationList;
			buildConfigurations = (
				0749B3F125559A5B00688999 /* Debug */,
				0749B3F225559A5B00688999 /* Release */,
			);
			defaultConfigurationIsVisible = 0;
			defaultConfigurationName = Release;
		};
		0749B3F325559A5B00688999 /* Build configuration list for PBXNativeTarget "Homework3" */ = {
			isa = XCConfigurationList;
			buildConfigurations = (
				0749B3F425559A5B00688999 /* Debug */,
				0749B3F525559A5B00688999 /* Release */,
			);
			defaultConfigurationIsVisible = 0;
			defaultConfigurationName = Release;
		};
/* End XCConfigurationList section */
	};
	rootObject = 0749B3D725559A5800688999 /* Project object */;
}
